
Microsoft Visual Studio Solution File, Format Version 12.00
# Visual Studio Version 17
VisualStudioVersion = 17.0.31903.59
MinimumVisualStudioVersion = 10.0.40219.1
Project("{FAE04EC0-301F-11D3-BF4B-00C04F79EFBC}") = "DUT.Web", "DUT.Web\DUT.Web.csproj", "{A5DC1CEE-5803-4238-828B-88B054FE1EF2}"
EndProject
Project("{FAE04EC0-301F-11D3-BF4B-00C04F79EFBC}") = "DUT.Domain", "DUT.Domain\DUT.Domain.csproj", "{A7BEBF1B-8F2E-49AB-9A51-C69192EBB0F5}"
EndProject
Global
	GlobalSection(SolutionConfigurationPlatforms) = preSolution
		Debug|Any CPU = Debug|Any CPU
		Release|Any CPU = Release|Any CPU
	EndGlobalSection
	GlobalSection(ProjectConfigurationPlatforms) = postSolution
		{A5DC1CEE-5803-4238-828B-88B054FE1EF2}.Debug|Any CPU.ActiveCfg = Debug|Any CPU
		{A5DC1CEE-5803-4238-828B-88B054FE1EF2}.Debug|Any CPU.Build.0 = Debug|Any CPU
		{A5DC1CEE-5803-4238-828B-88B054FE1EF2}.Release|Any CPU.ActiveCfg = Release|Any CPU
		{A5DC1CEE-5803-4238-828B-88B054FE1EF2}.Release|Any CPU.Build.0 = Release|Any CPU
		{A7BEBF1B-8F2E-49AB-9A51-C69192EBB0F5}.Debug|Any CPU.ActiveCfg = Debug|Any CPU
		{A7BEBF1B-8F2E-49AB-9A51-C69192EBB0F5}.Debug|Any CPU.Build.0 = Debug|Any CPU
		{A7BEBF1B-8F2E-49AB-9A51-C69192EBB0F5}.Release|Any CPU.ActiveCfg = Release|Any CPU
		{A7BEBF1B-8F2E-49AB-9A51-C69192EBB0F5}.Release|Any CPU.Build.0 = Release|Any CPU
	EndGlobalSection
	GlobalSection(SolutionProperties) = preSolution
		HideSolutionNode = FALSE
	EndGlobalSection
	GlobalSection(ExtensibilityGlobals) = postSolution
		SolutionGuid = {89EE7CE7-388B-4C75-9B45-4E6843C7895D}
	EndGlobalSection
EndGlobal
