
Microsoft Visual Studio Solution File, Format Version 12.00
# Visual Studio Version 17
VisualStudioVersion = 17.0.31903.59
MinimumVisualStudioVersion = 10.0.40219.1
Project("{FAE04EC0-301F-11D3-BF4B-00C04F79EFBC}") = "DUT.Web", "DUT.Web\DUT.Web.csproj", "{84DCB16B-8C08-42B7-AA60-9F876E79697A}"
EndProject
Project("{FAE04EC0-301F-11D3-BF4B-00C04F79EFBC}") = "DUT.Domain", "DUT.Domain\DUT.Domain.csproj", "{14FD8BDA-3B4A-44B5-87D7-95F9C1BE0995}"
EndProject
Global
	GlobalSection(SolutionConfigurationPlatforms) = preSolution
		Debug|Any CPU = Debug|Any CPU
		Release|Any CPU = Release|Any CPU
	EndGlobalSection
	GlobalSection(ProjectConfigurationPlatforms) = postSolution
		{84DCB16B-8C08-42B7-AA60-9F876E79697A}.Debug|Any CPU.ActiveCfg = Debug|Any CPU
		{84DCB16B-8C08-42B7-AA60-9F876E79697A}.Debug|Any CPU.Build.0 = Debug|Any CPU
		{84DCB16B-8C08-42B7-AA60-9F876E79697A}.Release|Any CPU.ActiveCfg = Release|Any CPU
		{84DCB16B-8C08-42B7-AA60-9F876E79697A}.Release|Any CPU.Build.0 = Release|Any CPU
		{14FD8BDA-3B4A-44B5-87D7-95F9C1BE0995}.Debug|Any CPU.ActiveCfg = Debug|Any CPU
		{14FD8BDA-3B4A-44B5-87D7-95F9C1BE0995}.Debug|Any CPU.Build.0 = Debug|Any CPU
		{14FD8BDA-3B4A-44B5-87D7-95F9C1BE0995}.Release|Any CPU.ActiveCfg = Release|Any CPU
		{14FD8BDA-3B4A-44B5-87D7-95F9C1BE0995}.Release|Any CPU.Build.0 = Release|Any CPU
	EndGlobalSection
	GlobalSection(SolutionProperties) = preSolution
		HideSolutionNode = FALSE
	EndGlobalSection
	GlobalSection(ExtensibilityGlobals) = postSolution
		SolutionGuid = {5ACD70BE-7641-45EC-B6E7-E1FB26865F9A}
	EndGlobalSection
EndGlobal
