
Microsoft Visual Studio Solution File, Format Version 12.00
# Visual Studio Version 17
VisualStudioVersion = 17.0.31903.59
MinimumVisualStudioVersion = 10.0.40219.1
Project("{9A19103F-16F7-4668-BE54-9A1E7A4F7556}") = "URLS.Web", "URLS.Web\URLS.Web.csproj", "{84DCB16B-8C08-42B7-AA60-9F876E79697A}"
EndProject
Project("{9A19103F-16F7-4668-BE54-9A1E7A4F7556}") = "URLS.Domain", "URLS.Domain\URLS.Domain.csproj", "{14FD8BDA-3B4A-44B5-87D7-95F9C1BE0995}"
EndProject
Project("{9A19103F-16F7-4668-BE54-9A1E7A4F7556}") = "URLS.Constants", "URLS.Constants\URLS.Constants.csproj", "{A1DBBBE4-54E3-4380-AAEF-AA2909249DE7}"
EndProject
Project("{9A19103F-16F7-4668-BE54-9A1E7A4F7556}") = "URLS.Application", "URLS.Application\URLS.Application.csproj", "{6BF310AF-8903-4EF2-90FD-7564EDDAE9C5}"
EndProject
Project("{9A19103F-16F7-4668-BE54-9A1E7A4F7556}") = "URLS.Infrastructure.Data", "URLS.Infrastructure.Data\URLS.Infrastructure.Data.csproj", "{0BC88C0F-D13F-488D-B3E1-72E423E81F1F}"
EndProject
Project("{9A19103F-16F7-4668-BE54-9A1E7A4F7556}") = "URLS.Infrastructure.IoC", "URLS.Infrastructure.IoC\URLS.Infrastructure.IoC.csproj", "{50258551-9E56-499E-B75B-5CEECE2B5F9E}"
EndProject
Global
	GlobalSection(SolutionConfigurationPlatforms) = preSolution
		Debug|Any CPU = Debug|Any CPU
		Release|Any CPU = Release|Any CPU
	EndGlobalSection
	GlobalSection(ProjectConfigurationPlatforms) = postSolution
		{84DCB16B-8C08-42B7-AA60-9F876E79697A}.Debug|Any CPU.ActiveCfg = Debug|Any CPU
		{84DCB16B-8C08-42B7-AA60-9F876E79697A}.Debug|Any CPU.Build.0 = Debug|Any CPU
		{84DCB16B-8C08-42B7-AA60-9F876E79697A}.Release|Any CPU.ActiveCfg = Release|Any CPU
		{84DCB16B-8C08-42B7-AA60-9F876E79697A}.Release|Any CPU.Build.0 = Release|Any CPU
		{14FD8BDA-3B4A-44B5-87D7-95F9C1BE0995}.Debug|Any CPU.ActiveCfg = Debug|Any CPU
		{14FD8BDA-3B4A-44B5-87D7-95F9C1BE0995}.Debug|Any CPU.Build.0 = Debug|Any CPU
		{14FD8BDA-3B4A-44B5-87D7-95F9C1BE0995}.Release|Any CPU.ActiveCfg = Release|Any CPU
		{14FD8BDA-3B4A-44B5-87D7-95F9C1BE0995}.Release|Any CPU.Build.0 = Release|Any CPU
		{A1DBBBE4-54E3-4380-AAEF-AA2909249DE7}.Debug|Any CPU.ActiveCfg = Debug|Any CPU
		{A1DBBBE4-54E3-4380-AAEF-AA2909249DE7}.Debug|Any CPU.Build.0 = Debug|Any CPU
		{A1DBBBE4-54E3-4380-AAEF-AA2909249DE7}.Release|Any CPU.ActiveCfg = Release|Any CPU
		{A1DBBBE4-54E3-4380-AAEF-AA2909249DE7}.Release|Any CPU.Build.0 = Release|Any CPU
		{6BF310AF-8903-4EF2-90FD-7564EDDAE9C5}.Debug|Any CPU.ActiveCfg = Debug|Any CPU
		{6BF310AF-8903-4EF2-90FD-7564EDDAE9C5}.Debug|Any CPU.Build.0 = Debug|Any CPU
		{6BF310AF-8903-4EF2-90FD-7564EDDAE9C5}.Release|Any CPU.ActiveCfg = Release|Any CPU
		{6BF310AF-8903-4EF2-90FD-7564EDDAE9C5}.Release|Any CPU.Build.0 = Release|Any CPU
		{0BC88C0F-D13F-488D-B3E1-72E423E81F1F}.Debug|Any CPU.ActiveCfg = Debug|Any CPU
		{0BC88C0F-D13F-488D-B3E1-72E423E81F1F}.Debug|Any CPU.Build.0 = Debug|Any CPU
		{0BC88C0F-D13F-488D-B3E1-72E423E81F1F}.Release|Any CPU.ActiveCfg = Release|Any CPU
		{0BC88C0F-D13F-488D-B3E1-72E423E81F1F}.Release|Any CPU.Build.0 = Release|Any CPU
		{50258551-9E56-499E-B75B-5CEECE2B5F9E}.Debug|Any CPU.ActiveCfg = Debug|Any CPU
		{50258551-9E56-499E-B75B-5CEECE2B5F9E}.Debug|Any CPU.Build.0 = Debug|Any CPU
		{50258551-9E56-499E-B75B-5CEECE2B5F9E}.Release|Any CPU.ActiveCfg = Release|Any CPU
		{50258551-9E56-499E-B75B-5CEECE2B5F9E}.Release|Any CPU.Build.0 = Release|Any CPU
	EndGlobalSection
	GlobalSection(SolutionProperties) = preSolution
		HideSolutionNode = FALSE
	EndGlobalSection
	GlobalSection(ExtensibilityGlobals) = postSolution
		SolutionGuid = {5ACD70BE-7641-45EC-B6E7-E1FB26865F9A}
	EndGlobalSection
EndGlobal
